
Microsoft Visual Studio Solution File, Format Version 12.00
# Visual Studio Version 16
VisualStudioVersion = 16.0.29609.76
MinimumVisualStudioVersion = 10.0.40219.1
Project("{FAE04EC0-301F-11D3-BF4B-00C04F79EFBC}") = "Bowling", "Bowling\Bowling.csproj", "{8A4A216A-749D-4256-8543-B9714FF52404}"
EndProject
Project("{FAE04EC0-301F-11D3-BF4B-00C04F79EFBC}") = "Bowling.Tests", "Bowling.Tests\Bowling.Tests.csproj", "{B1BDCCCE-8162-41C6-8475-EFDB05829383}"
EndProject
Global
	GlobalSection(SolutionConfigurationPlatforms) = preSolution
		Debug|Any CPU = Debug|Any CPU
		Release|Any CPU = Release|Any CPU
	EndGlobalSection
	GlobalSection(ProjectConfigurationPlatforms) = postSolution
		{8A4A216A-749D-4256-8543-B9714FF52404}.Debug|Any CPU.ActiveCfg = Debug|Any CPU
		{8A4A216A-749D-4256-8543-B9714FF52404}.Debug|Any CPU.Build.0 = Debug|Any CPU
		{8A4A216A-749D-4256-8543-B9714FF52404}.Release|Any CPU.ActiveCfg = Release|Any CPU
		{8A4A216A-749D-4256-8543-B9714FF52404}.Release|Any CPU.Build.0 = Release|Any CPU
		{B1BDCCCE-8162-41C6-8475-EFDB05829383}.Debug|Any CPU.ActiveCfg = Debug|Any CPU
		{B1BDCCCE-8162-41C6-8475-EFDB05829383}.Debug|Any CPU.Build.0 = Debug|Any CPU
		{B1BDCCCE-8162-41C6-8475-EFDB05829383}.Release|Any CPU.ActiveCfg = Release|Any CPU
		{B1BDCCCE-8162-41C6-8475-EFDB05829383}.Release|Any CPU.Build.0 = Release|Any CPU
	EndGlobalSection
	GlobalSection(SolutionProperties) = preSolution
		HideSolutionNode = FALSE
	EndGlobalSection
	GlobalSection(ExtensibilityGlobals) = postSolution
		SolutionGuid = {B720E064-5878-4FBC-B1B0-4BA8D388506F}
	EndGlobalSection
EndGlobal
